
Microsoft Visual Studio Solution File, Format Version 12.00
# Visual Studio Version 17
VisualStudioVersion = 17.0.31903.59
MinimumVisualStudioVersion = 10.0.40219.1
Project("{9A19103F-16F7-4668-BE54-9A1E7A4F7556}") = "DataAccess", "DataAccess\DataAccess.csproj", "{017EB45C-73B4-42D2-B119-EDF96F7AAC6C}"
EndProject
Project("{9A19103F-16F7-4668-BE54-9A1E7A4F7556}") = "VpBlazorApp", "VpBlazorApp\VpBlazorApp.csproj", "{FC733859-D32E-4B65-BB0A-480EBCC692F7}"
EndProject
Global
	GlobalSection(SolutionConfigurationPlatforms) = preSolution
		Debug|Any CPU = Debug|Any CPU
		Release|Any CPU = Release|Any CPU
	EndGlobalSection
	GlobalSection(ProjectConfigurationPlatforms) = postSolution
		{017EB45C-73B4-42D2-B119-EDF96F7AAC6C}.Debug|Any CPU.ActiveCfg = Debug|Any CPU
		{017EB45C-73B4-42D2-B119-EDF96F7AAC6C}.Debug|Any CPU.Build.0 = Debug|Any CPU
		{017EB45C-73B4-42D2-B119-EDF96F7AAC6C}.Release|Any CPU.ActiveCfg = Release|Any CPU
		{017EB45C-73B4-42D2-B119-EDF96F7AAC6C}.Release|Any CPU.Build.0 = Release|Any CPU
		{FC733859-D32E-4B65-BB0A-480EBCC692F7}.Debug|Any CPU.ActiveCfg = Debug|Any CPU
		{FC733859-D32E-4B65-BB0A-480EBCC692F7}.Debug|Any CPU.Build.0 = Debug|Any CPU
		{FC733859-D32E-4B65-BB0A-480EBCC692F7}.Release|Any CPU.ActiveCfg = Release|Any CPU
		{FC733859-D32E-4B65-BB0A-480EBCC692F7}.Release|Any CPU.Build.0 = Release|Any CPU
	EndGlobalSection
	GlobalSection(SolutionProperties) = preSolution
		HideSolutionNode = FALSE
	EndGlobalSection
	GlobalSection(ExtensibilityGlobals) = postSolution
		SolutionGuid = {269986FE-3D88-4795-B205-2CFFD7D61539}
	EndGlobalSection
EndGlobal
